# THESIS REPRODUCIBILITY: Locked Requirements
# =============================================
# Generated for thesis submission
# 
# Fix #21: Dependency Version Locking
# 
# USAGE:
#   pip install -r requirements.lock
#
# These versions have been tested to produce consistent results
# across Ubuntu 22.04 LTS with Python 3.10.x
#
# DO NOT MODIFY without re-running validation experiments
# =============================================

# Core ML Stack - CRITICAL for reproducibility
numpy==1.26.4
scipy==1.12.0
scikit-learn==1.5.2
lightgbm==4.3.0

# Deep Learning (optional, for future extensions)
tensorflow==2.16.1

# MLOps
mlflow==2.12.1
pandas==2.2.0
dask==2024.4.2
distributed==2024.4.2
cloudpickle==3.0.0

# Visualization - CRITICAL for thesis figures
matplotlib==3.8.2
seaborn==0.13.2
pillow==10.2.0

# Model Interpretability
shap==0.44.1

# API Framework
fastapi==0.111.0
starlette==0.37.2
uvicorn==0.29.0
pydantic==2.6.3
pydantic-settings==2.2.1
httpx==0.27.0

# Web Support
flask==3.0.2
werkzeug==3.0.1
jinja2==3.1.3
aiohttp==3.9.5
aiofiles==0.6.0
Flask-Limiter==3.3.1

# Async Support
anyio==4.3.0
python-multipart==0.0.9

# Database
sqlalchemy==1.4.51
psycopg2-binary==2.9.10
pymongo==4.1.0

# Serialization
pyyaml==6.0.1
pyarrow==14.0.1
reportlab==4.1.0

# Monitoring
prometheus_client==0.20.0
psutil==5.9.8

# Testing - CRITICAL for validation
pytest==7.4.4
pytest-cov==4.1.0
pytest-asyncio==0.23.5

# Security
bcrypt==4.1.2
pyjwt==2.8.0
python-jose==3.3.0
pyopenssl==24.0.0
cryptography==42.0.5

# gRPC (for potential O-RAN extensions)
grpcio==1.62.3
grpcio-tools==1.62.3

# Utilities
python-dotenv==1.0.1
requests==2.31.0
tenacity==8.2.3
click==8.1.7
joblib==1.3.2
watchdog==4.0.0
typing-extensions==4.10.0

# Code Quality (development only)
black==24.2.0
flake8==7.0.0
isort==5.13.2
mypy==1.8.0
autoflake==2.2.1

# Documentation
markdown==3.5.2
markdown2==2.4.13

# Domain-Specific
email-validator==2.1.0
hyperopt==0.2.7
evolved5g==0.1.1
gunicorn==21.2.0

# SQL Stubs
sqlalchemy-stubs==0.4
